
Microsoft Visual Studio Solution File, Format Version 12.00
# Visual Studio Version 16
VisualStudioVersion = 16.0.30114.105
MinimumVisualStudioVersion = 10.0.40219.1
Project("{FAE04EC0-301F-11D3-BF4B-00C04F79EFBC}") = "BlazorAppServer", "BlazorAppServer\BlazorAppServer.csproj", "{BC55688F-68F3-4E3F-A2BE-A02A6BEABD22}"
EndProject
Global
	GlobalSection(SolutionConfigurationPlatforms) = preSolution
		Debug|Any CPU = Debug|Any CPU
		Release|Any CPU = Release|Any CPU
	EndGlobalSection
	GlobalSection(ProjectConfigurationPlatforms) = postSolution
		{BC55688F-68F3-4E3F-A2BE-A02A6BEABD22}.Debug|Any CPU.ActiveCfg = Debug|Any CPU
		{BC55688F-68F3-4E3F-A2BE-A02A6BEABD22}.Debug|Any CPU.Build.0 = Debug|Any CPU
		{BC55688F-68F3-4E3F-A2BE-A02A6BEABD22}.Release|Any CPU.ActiveCfg = Release|Any CPU
		{BC55688F-68F3-4E3F-A2BE-A02A6BEABD22}.Release|Any CPU.Build.0 = Release|Any CPU
	EndGlobalSection
	GlobalSection(SolutionProperties) = preSolution
		HideSolutionNode = FALSE
	EndGlobalSection
	GlobalSection(ExtensibilityGlobals) = postSolution
		SolutionGuid = {F7A230C4-DE20-4887-BE6C-06A21CD351AD}
	EndGlobalSection
EndGlobal
